
Microsoft Visual Studio Solution File, Format Version 12.00
# Visual Studio Version 17
VisualStudioVersion = 17.14.36414.22
MinimumVisualStudioVersion = 10.0.40219.1
Project("{FAE04EC0-301F-11D3-BF4B-00C04F79EFBC}") = "12b_2025", "12b_2025\12b_2025.csproj", "{93717AAD-1D19-4D69-BAE7-98231041060C}"
EndProject
Project("{FAE04EC0-301F-11D3-BF4B-00C04F79EFBC}") = "interfesz", "interfesz\interfesz.csproj", "{984285AF-733C-4C51-A62C-02DAE3452ACE}"
EndProject
Project("{FAE04EC0-301F-11D3-BF4B-00C04F79EFBC}") = "OOP_2", "OOP_2\OOP_2.csproj", "{8D283F3F-3E66-4094-BD8E-493AC8973B42}"
EndProject
Project("{FAE04EC0-301F-11D3-BF4B-00C04F79EFBC}") = "OOP_3", "OOP_3\OOP_3.csproj", "{7C89A79C-2B70-42B3-A9F0-EEA8B8DC295A}"
EndProject
Project("{FAE04EC0-301F-11D3-BF4B-00C04F79EFBC}") = "OOp4gyak", "OOp4gyak\OOp4gyak.csproj", "{E6A07EEB-545A-46E9-AD61-00E1395F2179}"
EndProject
Project("{FAE04EC0-301F-11D3-BF4B-00C04F79EFBC}") = "OO__5_gyak", "OO__5_gyak\OO__5_gyak.csproj", "{344F9F91-76B6-47F7-B0A5-602A55E51D64}"
EndProject
Project("{FAE04EC0-301F-11D3-BF4B-00C04F79EFBC}") = "DigiKult_Erettsegi_2025", "DigiKult_Erettsegi_2025\DigiKult_Erettsegi_2025.csproj", "{8ED35155-622D-4343-B82D-877E4A1555C7}"
EndProject
Project("{FAE04EC0-301F-11D3-BF4B-00C04F79EFBC}") = "Jelado", "Jelado\Jelado.csproj", "{6FFE6C45-0A26-409E-A338-BBE9556963F2}"
EndProject
Project("{FAE04EC0-301F-11D3-BF4B-00C04F79EFBC}") = "godrok", "godrok\godrok.csproj", "{ED3EE90B-E81E-4E33-BEC4-2ED61E30EF36}"
EndProject
Project("{FAE04EC0-301F-11D3-BF4B-00C04F79EFBC}") = "LatinTancok", "LatinTancok\LatinTancok.csproj", "{B67BF579-8ADA-4CA7-9479-19A213C1AE9A}"
EndProject
Project("{FAE04EC0-301F-11D3-BF4B-00C04F79EFBC}") = "Feluliras", "Feluliras\Feluliras.csproj", "{AAA4BBF5-DDC2-402E-AA44-636B51E80723}"
EndProject
Global
	GlobalSection(SolutionConfigurationPlatforms) = preSolution
		Debug|Any CPU = Debug|Any CPU
		Release|Any CPU = Release|Any CPU
	EndGlobalSection
	GlobalSection(ProjectConfigurationPlatforms) = postSolution
		{93717AAD-1D19-4D69-BAE7-98231041060C}.Debug|Any CPU.ActiveCfg = Debug|Any CPU
		{93717AAD-1D19-4D69-BAE7-98231041060C}.Debug|Any CPU.Build.0 = Debug|Any CPU
		{93717AAD-1D19-4D69-BAE7-98231041060C}.Release|Any CPU.ActiveCfg = Release|Any CPU
		{93717AAD-1D19-4D69-BAE7-98231041060C}.Release|Any CPU.Build.0 = Release|Any CPU
		{984285AF-733C-4C51-A62C-02DAE3452ACE}.Debug|Any CPU.ActiveCfg = Debug|Any CPU
		{984285AF-733C-4C51-A62C-02DAE3452ACE}.Debug|Any CPU.Build.0 = Debug|Any CPU
		{984285AF-733C-4C51-A62C-02DAE3452ACE}.Release|Any CPU.ActiveCfg = Release|Any CPU
		{984285AF-733C-4C51-A62C-02DAE3452ACE}.Release|Any CPU.Build.0 = Release|Any CPU
		{8D283F3F-3E66-4094-BD8E-493AC8973B42}.Debug|Any CPU.ActiveCfg = Debug|Any CPU
		{8D283F3F-3E66-4094-BD8E-493AC8973B42}.Debug|Any CPU.Build.0 = Debug|Any CPU
		{8D283F3F-3E66-4094-BD8E-493AC8973B42}.Release|Any CPU.ActiveCfg = Release|Any CPU
		{8D283F3F-3E66-4094-BD8E-493AC8973B42}.Release|Any CPU.Build.0 = Release|Any CPU
		{7C89A79C-2B70-42B3-A9F0-EEA8B8DC295A}.Debug|Any CPU.ActiveCfg = Debug|Any CPU
		{7C89A79C-2B70-42B3-A9F0-EEA8B8DC295A}.Debug|Any CPU.Build.0 = Debug|Any CPU
		{7C89A79C-2B70-42B3-A9F0-EEA8B8DC295A}.Release|Any CPU.ActiveCfg = Release|Any CPU
		{7C89A79C-2B70-42B3-A9F0-EEA8B8DC295A}.Release|Any CPU.Build.0 = Release|Any CPU
		{E6A07EEB-545A-46E9-AD61-00E1395F2179}.Debug|Any CPU.ActiveCfg = Debug|Any CPU
		{E6A07EEB-545A-46E9-AD61-00E1395F2179}.Debug|Any CPU.Build.0 = Debug|Any CPU
		{E6A07EEB-545A-46E9-AD61-00E1395F2179}.Release|Any CPU.ActiveCfg = Release|Any CPU
		{E6A07EEB-545A-46E9-AD61-00E1395F2179}.Release|Any CPU.Build.0 = Release|Any CPU
		{344F9F91-76B6-47F7-B0A5-602A55E51D64}.Debug|Any CPU.ActiveCfg = Debug|Any CPU
		{344F9F91-76B6-47F7-B0A5-602A55E51D64}.Debug|Any CPU.Build.0 = Debug|Any CPU
		{344F9F91-76B6-47F7-B0A5-602A55E51D64}.Release|Any CPU.ActiveCfg = Release|Any CPU
		{344F9F91-76B6-47F7-B0A5-602A55E51D64}.Release|Any CPU.Build.0 = Release|Any CPU
		{8ED35155-622D-4343-B82D-877E4A1555C7}.Debug|Any CPU.ActiveCfg = Debug|Any CPU
		{8ED35155-622D-4343-B82D-877E4A1555C7}.Debug|Any CPU.Build.0 = Debug|Any CPU
		{8ED35155-622D-4343-B82D-877E4A1555C7}.Release|Any CPU.ActiveCfg = Release|Any CPU
		{8ED35155-622D-4343-B82D-877E4A1555C7}.Release|Any CPU.Build.0 = Release|Any CPU
		{6FFE6C45-0A26-409E-A338-BBE9556963F2}.Debug|Any CPU.ActiveCfg = Debug|Any CPU
		{6FFE6C45-0A26-409E-A338-BBE9556963F2}.Debug|Any CPU.Build.0 = Debug|Any CPU
		{6FFE6C45-0A26-409E-A338-BBE9556963F2}.Release|Any CPU.ActiveCfg = Release|Any CPU
		{6FFE6C45-0A26-409E-A338-BBE9556963F2}.Release|Any CPU.Build.0 = Release|Any CPU
		{ED3EE90B-E81E-4E33-BEC4-2ED61E30EF36}.Debug|Any CPU.ActiveCfg = Debug|Any CPU
		{ED3EE90B-E81E-4E33-BEC4-2ED61E30EF36}.Debug|Any CPU.Build.0 = Debug|Any CPU
		{ED3EE90B-E81E-4E33-BEC4-2ED61E30EF36}.Release|Any CPU.ActiveCfg = Release|Any CPU
		{ED3EE90B-E81E-4E33-BEC4-2ED61E30EF36}.Release|Any CPU.Build.0 = Release|Any CPU
		{B67BF579-8ADA-4CA7-9479-19A213C1AE9A}.Debug|Any CPU.ActiveCfg = Debug|Any CPU
		{B67BF579-8ADA-4CA7-9479-19A213C1AE9A}.Debug|Any CPU.Build.0 = Debug|Any CPU
		{B67BF579-8ADA-4CA7-9479-19A213C1AE9A}.Release|Any CPU.ActiveCfg = Release|Any CPU
		{B67BF579-8ADA-4CA7-9479-19A213C1AE9A}.Release|Any CPU.Build.0 = Release|Any CPU
		{AAA4BBF5-DDC2-402E-AA44-636B51E80723}.Debug|Any CPU.ActiveCfg = Debug|Any CPU
		{AAA4BBF5-DDC2-402E-AA44-636B51E80723}.Debug|Any CPU.Build.0 = Debug|Any CPU
		{AAA4BBF5-DDC2-402E-AA44-636B51E80723}.Release|Any CPU.ActiveCfg = Release|Any CPU
		{AAA4BBF5-DDC2-402E-AA44-636B51E80723}.Release|Any CPU.Build.0 = Release|Any CPU
	EndGlobalSection
	GlobalSection(SolutionProperties) = preSolution
		HideSolutionNode = FALSE
	EndGlobalSection
	GlobalSection(ExtensibilityGlobals) = postSolution
		SolutionGuid = {432E3C1E-113E-4DB8-9272-2A030EBFB2AE}
	EndGlobalSection
EndGlobal
